{
  "name": "@nimser/pi-model-rotation",
  "version": "0.2.0",
  "lockfileVersion": 3,
  "requires": true,
  "packages": {
    "": {
      "name": "@nimser/pi-model-rotation",
      "version": "0.2.0",
      "bin": {
        "pi-rotation-quota": "bin/quota.ts"
      },
      "engines": {
        "node": ">=26"
      },
      "peerDependencies": {
        "@earendil-works/pi-coding-agent": "*"
      },
      "peerDependenciesMeta": {
        "@earendil-works/pi-coding-agent": {
          "optional": true
        }
      }
    }
  }
}
